
Microsoft Visual Studio Solution File, Format Version 12.00
# Visual Studio Version 17
VisualStudioVersion = 17.0.31903.59
MinimumVisualStudioVersion = 10.0.40219.1
Project("{2150E333-8FDC-42A3-9474-1A3956D46DE8}") = "src", "src", "{0E695FF0-92E4-486A-95E4-740F0D5D9A4E}"
EndProject
Project("{2150E333-8FDC-42A3-9474-1A3956D46DE8}") = "tests", "tests", "{117DECD3-14F8-4DA4-9D40-5AA4441EDCCC}"
EndProject
Project("{2150E333-8FDC-42A3-9474-1A3956D46DE8}") = "Core", "Core", "{CF45F28D-8427-42E7-8B0B-AD276A770F92}"
EndProject
Project("{2150E333-8FDC-42A3-9474-1A3956D46DE8}") = "Presentation", "Presentation", "{B435E99A-F0F5-402F-96CC-1FD33EFF6F94}"
EndProject
Project("{9A19103F-16F7-4668-BE54-9A1E7A4F7556}") = "Domain", "src\Core\Domain\Domain.csproj", "{9D0F32EB-41D6-4352-94D3-88486018E6B4}"
EndProject
Project("{9A19103F-16F7-4668-BE54-9A1E7A4F7556}") = "Application", "src\Core\Application\Application.csproj", "{11CF9C65-489F-42F0-B503-65C4D371C750}"
EndProject
Project("{9A19103F-16F7-4668-BE54-9A1E7A4F7556}") = "RestApi", "src\Presentation\RestApi\RestApi.csproj", "{99DA9857-77C9-4CBB-A04B-19FE6DF1EBC1}"
EndProject
Project("{2150E333-8FDC-42A3-9474-1A3956D46DE8}") = "Core", "Core", "{BBF2A26B-CCBA-4E81-900C-79599A168667}"
EndProject
Project("{2150E333-8FDC-42A3-9474-1A3956D46DE8}") = "Presentation", "Presentation", "{3375CA81-4012-4306-A6EF-3AF1D03D141D}"
EndProject
Project("{9A19103F-16F7-4668-BE54-9A1E7A4F7556}") = "Domain.Tests", "tests\Core\Domain.Tests\Domain.Tests.csproj", "{C1F0B2D8-02FA-4FC0-A8ED-6F9DD1C4827B}"
EndProject
Project("{9A19103F-16F7-4668-BE54-9A1E7A4F7556}") = "Application.Tests", "tests\Core\Application.Tests\Application.Tests.csproj", "{990DE244-341D-4EE0-BB4F-8C4E3A126E7D}"
EndProject
Project("{9A19103F-16F7-4668-BE54-9A1E7A4F7556}") = "RestApi.Tests", "tests\Presentation\RestApi.Tests\RestApi.Tests.csproj", "{E8A23CDF-6A9B-4F7F-AF5E-D4B81A1D43F0}"
EndProject
Project("{2150E333-8FDC-42A3-9474-1A3956D46DE8}") = "Infrastructure", "Infrastructure", "{2A182871-BABC-41CA-942B-FA54482D310F}"
EndProject
Project("{FAE04EC0-301F-11D3-BF4B-00C04F79EFBC}") = "Persistence", "src\Infrastructure\Persistence\Persistence.csproj", "{E90E5A3C-A619-4D3B-A733-FB8BFC7643FE}"
EndProject
Project("{2150E333-8FDC-42A3-9474-1A3956D46DE8}") = "DataAccess", "DataAccess", "{CFFD1E1A-95C3-41AB-8D92-5C2E97B92F06}"
EndProject
Project("{FAE04EC0-301F-11D3-BF4B-00C04F79EFBC}") = "Repository.Ef", "src\Infrastructure\DataAccess\Repository.Ef\Repository.Ef.csproj", "{EA852388-51C6-43BF-84AD-EC578DEC7AD7}"
EndProject
Project("{2150E333-8FDC-42A3-9474-1A3956D46DE8}") = "Infrastructure", "Infrastructure", "{92525D2B-7505-42C0-A6D5-5B2845117795}"
EndProject
Project("{2150E333-8FDC-42A3-9474-1A3956D46DE8}") = "DataAccess", "DataAccess", "{403ED4D7-8495-475B-95AE-537DD6D3B092}"
EndProject
Project("{FAE04EC0-301F-11D3-BF4B-00C04F79EFBC}") = "Repository.Ef.Tests", "tests\Infrastructure\DataAccess\Repository.Ef.Tests\Repository.Ef.Tests.csproj", "{5DB7C7CD-09F5-4EB6-AF61-E72BE5724301}"
EndProject
Global
	GlobalSection(SolutionConfigurationPlatforms) = preSolution
		Debug|Any CPU = Debug|Any CPU
		Release|Any CPU = Release|Any CPU
	EndGlobalSection
	GlobalSection(ProjectConfigurationPlatforms) = postSolution
		{9D0F32EB-41D6-4352-94D3-88486018E6B4}.Debug|Any CPU.ActiveCfg = Debug|Any CPU
		{9D0F32EB-41D6-4352-94D3-88486018E6B4}.Debug|Any CPU.Build.0 = Debug|Any CPU
		{9D0F32EB-41D6-4352-94D3-88486018E6B4}.Release|Any CPU.ActiveCfg = Release|Any CPU
		{9D0F32EB-41D6-4352-94D3-88486018E6B4}.Release|Any CPU.Build.0 = Release|Any CPU
		{11CF9C65-489F-42F0-B503-65C4D371C750}.Debug|Any CPU.ActiveCfg = Debug|Any CPU
		{11CF9C65-489F-42F0-B503-65C4D371C750}.Debug|Any CPU.Build.0 = Debug|Any CPU
		{11CF9C65-489F-42F0-B503-65C4D371C750}.Release|Any CPU.ActiveCfg = Release|Any CPU
		{11CF9C65-489F-42F0-B503-65C4D371C750}.Release|Any CPU.Build.0 = Release|Any CPU
		{99DA9857-77C9-4CBB-A04B-19FE6DF1EBC1}.Debug|Any CPU.ActiveCfg = Debug|Any CPU
		{99DA9857-77C9-4CBB-A04B-19FE6DF1EBC1}.Debug|Any CPU.Build.0 = Debug|Any CPU
		{99DA9857-77C9-4CBB-A04B-19FE6DF1EBC1}.Release|Any CPU.ActiveCfg = Release|Any CPU
		{99DA9857-77C9-4CBB-A04B-19FE6DF1EBC1}.Release|Any CPU.Build.0 = Release|Any CPU
		{C1F0B2D8-02FA-4FC0-A8ED-6F9DD1C4827B}.Debug|Any CPU.ActiveCfg = Debug|Any CPU
		{C1F0B2D8-02FA-4FC0-A8ED-6F9DD1C4827B}.Debug|Any CPU.Build.0 = Debug|Any CPU
		{C1F0B2D8-02FA-4FC0-A8ED-6F9DD1C4827B}.Release|Any CPU.ActiveCfg = Release|Any CPU
		{C1F0B2D8-02FA-4FC0-A8ED-6F9DD1C4827B}.Release|Any CPU.Build.0 = Release|Any CPU
		{990DE244-341D-4EE0-BB4F-8C4E3A126E7D}.Debug|Any CPU.ActiveCfg = Debug|Any CPU
		{990DE244-341D-4EE0-BB4F-8C4E3A126E7D}.Debug|Any CPU.Build.0 = Debug|Any CPU
		{990DE244-341D-4EE0-BB4F-8C4E3A126E7D}.Release|Any CPU.ActiveCfg = Release|Any CPU
		{990DE244-341D-4EE0-BB4F-8C4E3A126E7D}.Release|Any CPU.Build.0 = Release|Any CPU
		{E8A23CDF-6A9B-4F7F-AF5E-D4B81A1D43F0}.Debug|Any CPU.ActiveCfg = Debug|Any CPU
		{E8A23CDF-6A9B-4F7F-AF5E-D4B81A1D43F0}.Debug|Any CPU.Build.0 = Debug|Any CPU
		{E8A23CDF-6A9B-4F7F-AF5E-D4B81A1D43F0}.Release|Any CPU.ActiveCfg = Release|Any CPU
		{E8A23CDF-6A9B-4F7F-AF5E-D4B81A1D43F0}.Release|Any CPU.Build.0 = Release|Any CPU
		{E90E5A3C-A619-4D3B-A733-FB8BFC7643FE}.Debug|Any CPU.ActiveCfg = Debug|Any CPU
		{E90E5A3C-A619-4D3B-A733-FB8BFC7643FE}.Debug|Any CPU.Build.0 = Debug|Any CPU
		{E90E5A3C-A619-4D3B-A733-FB8BFC7643FE}.Release|Any CPU.ActiveCfg = Release|Any CPU
		{E90E5A3C-A619-4D3B-A733-FB8BFC7643FE}.Release|Any CPU.Build.0 = Release|Any CPU
		{EA852388-51C6-43BF-84AD-EC578DEC7AD7}.Debug|Any CPU.ActiveCfg = Debug|Any CPU
		{EA852388-51C6-43BF-84AD-EC578DEC7AD7}.Debug|Any CPU.Build.0 = Debug|Any CPU
		{EA852388-51C6-43BF-84AD-EC578DEC7AD7}.Release|Any CPU.ActiveCfg = Release|Any CPU
		{EA852388-51C6-43BF-84AD-EC578DEC7AD7}.Release|Any CPU.Build.0 = Release|Any CPU
		{5DB7C7CD-09F5-4EB6-AF61-E72BE5724301}.Debug|Any CPU.ActiveCfg = Debug|Any CPU
		{5DB7C7CD-09F5-4EB6-AF61-E72BE5724301}.Debug|Any CPU.Build.0 = Debug|Any CPU
		{5DB7C7CD-09F5-4EB6-AF61-E72BE5724301}.Release|Any CPU.ActiveCfg = Release|Any CPU
		{5DB7C7CD-09F5-4EB6-AF61-E72BE5724301}.Release|Any CPU.Build.0 = Release|Any CPU
	EndGlobalSection
	GlobalSection(SolutionProperties) = preSolution
		HideSolutionNode = FALSE
	EndGlobalSection
	GlobalSection(NestedProjects) = preSolution
		{CF45F28D-8427-42E7-8B0B-AD276A770F92} = {0E695FF0-92E4-486A-95E4-740F0D5D9A4E}
		{B435E99A-F0F5-402F-96CC-1FD33EFF6F94} = {0E695FF0-92E4-486A-95E4-740F0D5D9A4E}
		{9D0F32EB-41D6-4352-94D3-88486018E6B4} = {CF45F28D-8427-42E7-8B0B-AD276A770F92}
		{11CF9C65-489F-42F0-B503-65C4D371C750} = {CF45F28D-8427-42E7-8B0B-AD276A770F92}
		{99DA9857-77C9-4CBB-A04B-19FE6DF1EBC1} = {B435E99A-F0F5-402F-96CC-1FD33EFF6F94}
		{BBF2A26B-CCBA-4E81-900C-79599A168667} = {117DECD3-14F8-4DA4-9D40-5AA4441EDCCC}
		{3375CA81-4012-4306-A6EF-3AF1D03D141D} = {117DECD3-14F8-4DA4-9D40-5AA4441EDCCC}
		{C1F0B2D8-02FA-4FC0-A8ED-6F9DD1C4827B} = {BBF2A26B-CCBA-4E81-900C-79599A168667}
		{990DE244-341D-4EE0-BB4F-8C4E3A126E7D} = {BBF2A26B-CCBA-4E81-900C-79599A168667}
		{E8A23CDF-6A9B-4F7F-AF5E-D4B81A1D43F0} = {3375CA81-4012-4306-A6EF-3AF1D03D141D}
		{2A182871-BABC-41CA-942B-FA54482D310F} = {0E695FF0-92E4-486A-95E4-740F0D5D9A4E}
		{E90E5A3C-A619-4D3B-A733-FB8BFC7643FE} = {2A182871-BABC-41CA-942B-FA54482D310F}
		{CFFD1E1A-95C3-41AB-8D92-5C2E97B92F06} = {2A182871-BABC-41CA-942B-FA54482D310F}
		{EA852388-51C6-43BF-84AD-EC578DEC7AD7} = {CFFD1E1A-95C3-41AB-8D92-5C2E97B92F06}
		{92525D2B-7505-42C0-A6D5-5B2845117795} = {117DECD3-14F8-4DA4-9D40-5AA4441EDCCC}
		{403ED4D7-8495-475B-95AE-537DD6D3B092} = {92525D2B-7505-42C0-A6D5-5B2845117795}
		{5DB7C7CD-09F5-4EB6-AF61-E72BE5724301} = {403ED4D7-8495-475B-95AE-537DD6D3B092}
	EndGlobalSection
EndGlobal
